// !$*UTF8*$!
{
	archiveVersion = 1;
	classes = {
	};
	objectVersion = 56;
	objects = {

/* Begin PBXBuildFile section */
		D79FE24A2B7F1DC40057DD7B /* AppDelegate.swift in Sources */ = {isa = PBXBuildFile; fileRef = D79FE2492B7F1DC40057DD7B /* AppDelegate.swift */; };
		D79FE24C2B7F1DC40057DD7B /* SceneDelegate.swift in Sources */ = {isa = PBXBuildFile; fileRef = D79FE24B2B7F1DC40057DD7B /* SceneDelegate.swift */; };
		D79FE24E2B7F1DC40057DD7B /* ViewController.swift in Sources */ = {isa = PBXBuildFile; fileRef = D79FE24D2B7F1DC40057DD7B /* ViewController.swift */; };
		D79FE2512B7F1DC40057DD7B /* Main.storyboard in Resources */ = {isa = PBXBuildFile; fileRef = D79FE24F2B7F1DC40057DD7B /* Main.storyboard */; };
		D79FE2532B7F1DC50057DD7B /* Assets.xcassets in Resources */ = {isa = PBXBuildFile; fileRef = D79FE2522B7F1DC50057DD7B /* Assets.xcassets */; };
		D79FE2562B7F1DC50057DD7B /* LaunchScreen.storyboard in Resources */ = {isa = PBXBuildFile; fileRef = D79FE2542B7F1DC50057DD7B /* LaunchScreen.storyboard */; };
		D79FE2612B7F1DC50057DD7B /* OzinsheDemoTests.swift in Sources */ = {isa = PBXBuildFile; fileRef = D79FE2602B7F1DC50057DD7B /* OzinsheDemoTests.swift */; };
		D79FE26B2B7F1DC50057DD7B /* OzinsheDemoUITests.swift in Sources */ = {isa = PBXBuildFile; fileRef = D79FE26A2B7F1DC50057DD7B /* OzinsheDemoUITests.swift */; };
		D79FE26D2B7F1DC50057DD7B /* OzinsheDemoUITestsLaunchTests.swift in Sources */ = {isa = PBXBuildFile; fileRef = D79FE26C2B7F1DC50057DD7B /* OzinsheDemoUITestsLaunchTests.swift */; };
		D79FE27E2B7F2B750057DD7B /* TabBarController.swift in Sources */ = {isa = PBXBuildFile; fileRef = D79FE27D2B7F2B750057DD7B /* TabBarController.swift */; };
		D7A440B02B8B31720068E099 /* FavoriteTableViewController.swift in Sources */ = {isa = PBXBuildFile; fileRef = D7A440AF2B8B31720068E099 /* FavoriteTableViewController.swift */; };
		D7A440B42B8B325B0068E099 /* MovieTableViewCell.swift in Sources */ = {isa = PBXBuildFile; fileRef = D7A440B32B8B325B0068E099 /* MovieTableViewCell.swift */; };
/* End PBXBuildFile section */

/* Begin PBXContainerItemProxy section */
		D79FE25D2B7F1DC50057DD7B /* PBXContainerItemProxy */ = {
			isa = PBXContainerItemProxy;
			containerPortal = D79FE23E2B7F1DC40057DD7B /* Project object */;
			proxyType = 1;
			remoteGlobalIDString = D79FE2452B7F1DC40057DD7B;
			remoteInfo = OzinsheDemo;
		};
		D79FE2672B7F1DC50057DD7B /* PBXContainerItemProxy */ = {
			isa = PBXContainerItemProxy;
			containerPortal = D79FE23E2B7F1DC40057DD7B /* Project object */;
			proxyType = 1;
			remoteGlobalIDString = D79FE2452B7F1DC40057DD7B;
			remoteInfo = OzinsheDemo;
		};
/* End PBXContainerItemProxy section */

/* Begin PBXFileReference section */
		D79FE2462B7F1DC40057DD7B /* OzinsheDemo.app */ = {isa = PBXFileReference; explicitFileType = wrapper.application; includeInIndex = 0; path = OzinsheDemo.app; sourceTree = BUILT_PRODUCTS_DIR; };
		D79FE2492B7F1DC40057DD7B /* AppDelegate.swift */ = {isa = PBXFileReference; lastKnownFileType = sourcecode.swift; path = AppDelegate.swift; sourceTree = "<group>"; };
		D79FE24B2B7F1DC40057DD7B /* SceneDelegate.swift */ = {isa = PBXFileReference; lastKnownFileType = sourcecode.swift; path = SceneDelegate.swift; sourceTree = "<group>"; };
		D79FE24D2B7F1DC40057DD7B /* ViewController.swift */ = {isa = PBXFileReference; lastKnownFileType = sourcecode.swift; path = ViewController.swift; sourceTree = "<group>"; };
		D79FE2502B7F1DC40057DD7B /* Base */ = {isa = PBXFileReference; lastKnownFileType = file.storyboard; name = Base; path = Base.lproj/Main.storyboard; sourceTree = "<group>"; };
		D79FE2522B7F1DC50057DD7B /* Assets.xcassets */ = {isa = PBXFileReference; lastKnownFileType = folder.assetcatalog; path = Assets.xcassets; sourceTree = "<group>"; };
		D79FE2552B7F1DC50057DD7B /* Base */ = {isa = PBXFileReference; lastKnownFileType = file.storyboard; name = Base; path = Base.lproj/LaunchScreen.storyboard; sourceTree = "<group>"; };
		D79FE2572B7F1DC50057DD7B /* Info.plist */ = {isa = PBXFileReference; lastKnownFileType = text.plist.xml; path = Info.plist; sourceTree = "<group>"; };
		D79FE25C2B7F1DC50057DD7B /* OzinsheDemoTests.xctest */ = {isa = PBXFileReference; explicitFileType = wrapper.cfbundle; includeInIndex = 0; path = OzinsheDemoTests.xctest; sourceTree = BUILT_PRODUCTS_DIR; };
		D79FE2602B7F1DC50057DD7B /* OzinsheDemoTests.swift */ = {isa = PBXFileReference; lastKnownFileType = sourcecode.swift; path = OzinsheDemoTests.swift; sourceTree = "<group>"; };
		D79FE2662B7F1DC50057DD7B /* OzinsheDemoUITests.xctest */ = {isa = PBXFileReference; explicitFileType = wrapper.cfbundle; includeInIndex = 0; path = OzinsheDemoUITests.xctest; sourceTree = BUILT_PRODUCTS_DIR; };
		D79FE26A2B7F1DC50057DD7B /* OzinsheDemoUITests.swift */ = {isa = PBXFileReference; lastKnownFileType = sourcecode.swift; path = OzinsheDemoUITests.swift; sourceTree = "<group>"; };
		D79FE26C2B7F1DC50057DD7B /* OzinsheDemoUITestsLaunchTests.swift */ = {isa = PBXFileReference; lastKnownFileType = sourcecode.swift; path = OzinsheDemoUITestsLaunchTests.swift; sourceTree = "<group>"; };
		D79FE27D2B7F2B750057DD7B /* TabBarController.swift */ = {isa = PBXFileReference; lastKnownFileType = sourcecode.swift; path = TabBarController.swift; sourceTree = "<group>"; };
		D7A440AF2B8B31720068E099 /* FavoriteTableViewController.swift */ = {isa = PBXFileReference; lastKnownFileType = sourcecode.swift; path = FavoriteTableViewController.swift; sourceTree = "<group>"; };
		D7A440B32B8B325B0068E099 /* MovieTableViewCell.swift */ = {isa = PBXFileReference; lastKnownFileType = sourcecode.swift; path = MovieTableViewCell.swift; sourceTree = "<group>"; };
/* End PBXFileReference section */

/* Begin PBXFrameworksBuildPhase section */
		D79FE2432B7F1DC40057DD7B /* Frameworks */ = {
			isa = PBXFrameworksBuildPhase;
			buildActionMask = 2147483647;
			files = (
			);
			runOnlyForDeploymentPostprocessing = 0;
		};
		D79FE2592B7F1DC50057DD7B /* Frameworks */ = {
			isa = PBXFrameworksBuildPhase;
			buildActionMask = 2147483647;
			files = (
			);
			runOnlyForDeploymentPostprocessing = 0;
		};
		D79FE2632B7F1DC50057DD7B /* Frameworks */ = {
			isa = PBXFrameworksBuildPhase;
			buildActionMask = 2147483647;
			files = (
			);
			runOnlyForDeploymentPostprocessing = 0;
		};
/* End PBXFrameworksBuildPhase section */

/* Begin PBXGroup section */
		D79FE23D2B7F1DC40057DD7B = {
			isa = PBXGroup;
			children = (
				D79FE2482B7F1DC40057DD7B /* OzinsheDemo */,
				D79FE25F2B7F1DC50057DD7B /* OzinsheDemoTests */,
				D79FE2692B7F1DC50057DD7B /* OzinsheDemoUITests */,
				D79FE2472B7F1DC40057DD7B /* Products */,
			);
			sourceTree = "<group>";
		};
		D79FE2472B7F1DC40057DD7B /* Products */ = {
			isa = PBXGroup;
			children = (
				D79FE2462B7F1DC40057DD7B /* OzinsheDemo.app */,
				D79FE25C2B7F1DC50057DD7B /* OzinsheDemoTests.xctest */,
				D79FE2662B7F1DC50057DD7B /* OzinsheDemoUITests.xctest */,
			);
			name = Products;
			sourceTree = "<group>";
		};
		D79FE2482B7F1DC40057DD7B /* OzinsheDemo */ = {
			isa = PBXGroup;
			children = (
				D79FE2492B7F1DC40057DD7B /* AppDelegate.swift */,
				D79FE24B2B7F1DC40057DD7B /* SceneDelegate.swift */,
				D7A440AE2B8B31210068E099 /* Controllers */,
				D79FE24F2B7F1DC40057DD7B /* Main.storyboard */,
				D79FE2522B7F1DC50057DD7B /* Assets.xcassets */,
				D79FE2542B7F1DC50057DD7B /* LaunchScreen.storyboard */,
				D79FE2572B7F1DC50057DD7B /* Info.plist */,
			);
			path = OzinsheDemo;
			sourceTree = "<group>";
		};
		D79FE25F2B7F1DC50057DD7B /* OzinsheDemoTests */ = {
			isa = PBXGroup;
			children = (
				D79FE2602B7F1DC50057DD7B /* OzinsheDemoTests.swift */,
			);
			path = OzinsheDemoTests;
			sourceTree = "<group>";
		};
		D79FE2692B7F1DC50057DD7B /* OzinsheDemoUITests */ = {
			isa = PBXGroup;
			children = (
				D79FE26A2B7F1DC50057DD7B /* OzinsheDemoUITests.swift */,
				D79FE26C2B7F1DC50057DD7B /* OzinsheDemoUITestsLaunchTests.swift */,
			);
			path = OzinsheDemoUITests;
			sourceTree = "<group>";
		};
		D7A440AE2B8B31210068E099 /* Controllers */ = {
			isa = PBXGroup;
			children = (
				D79FE24D2B7F1DC40057DD7B /* ViewController.swift */,
				D79FE27D2B7F2B750057DD7B /* TabBarController.swift */,
				D7A440AF2B8B31720068E099 /* FavoriteTableViewController.swift */,
				D7A440B32B8B325B0068E099 /* MovieTableViewCell.swift */,
			);
			path = Controllers;
			sourceTree = "<group>";
		};
/* End PBXGroup section */

/* Begin PBXNativeTarget section */
		D79FE2452B7F1DC40057DD7B /* OzinsheDemo */ = {
			isa = PBXNativeTarget;
			buildConfigurationList = D79FE2702B7F1DC50057DD7B /* Build configuration list for PBXNativeTarget "OzinsheDemo" */;
			buildPhases = (
				D79FE2422B7F1DC40057DD7B /* Sources */,
				D79FE2432B7F1DC40057DD7B /* Frameworks */,
				D79FE2442B7F1DC40057DD7B /* Resources */,
			);
			buildRules = (
			);
			dependencies = (
			);
			name = OzinsheDemo;
			productName = OzinsheDemo;
			productReference = D79FE2462B7F1DC40057DD7B /* OzinsheDemo.app */;
			productType = "com.apple.product-type.application";
		};
		D79FE25B2B7F1DC50057DD7B /* OzinsheDemoTests */ = {
			isa = PBXNativeTarget;
			buildConfigurationList = D79FE2732B7F1DC50057DD7B /* Build configuration list for PBXNativeTarget "OzinsheDemoTests" */;
			buildPhases = (
				D79FE2582B7F1DC50057DD7B /* Sources */,
				D79FE2592B7F1DC50057DD7B /* Frameworks */,
				D79FE25A2B7F1DC50057DD7B /* Resources */,
			);
			buildRules = (
			);
			dependencies = (
				D79FE25E2B7F1DC50057DD7B /* PBXTargetDependency */,
			);
			name = OzinsheDemoTests;
			productName = OzinsheDemoTests;
			productReference = D79FE25C2B7F1DC50057DD7B /* OzinsheDemoTests.xctest */;
			productType = "com.apple.product-type.bundle.unit-test";
		};
		D79FE2652B7F1DC50057DD7B /* OzinsheDemoUITests */ = {
			isa = PBXNativeTarget;
			buildConfigurationList = D79FE2762B7F1DC50057DD7B /* Build configuration list for PBXNativeTarget "OzinsheDemoUITests" */;
			buildPhases = (
				D79FE2622B7F1DC50057DD7B /* Sources */,
				D79FE2632B7F1DC50057DD7B /* Frameworks */,
				D79FE2642B7F1DC50057DD7B /* Resources */,
			);
			buildRules = (
			);
			dependencies = (
				D79FE2682B7F1DC50057DD7B /* PBXTargetDependency */,
			);
			name = OzinsheDemoUITests;
			productName = OzinsheDemoUITests;
			productReference = D79FE2662B7F1DC50057DD7B /* OzinsheDemoUITests.xctest */;
			productType = "com.apple.product-type.bundle.ui-testing";
		};
/* End PBXNativeTarget section */

/* Begin PBXProject section */
		D79FE23E2B7F1DC40057DD7B /* Project object */ = {
			isa = PBXProject;
			attributes = {
				BuildIndependentTargetsInParallel = 1;
				LastSwiftUpdateCheck = 1420;
				LastUpgradeCheck = 1520;
				TargetAttributes = {
					D79FE2452B7F1DC40057DD7B = {
						CreatedOnToolsVersion = 14.2;
					};
					D79FE25B2B7F1DC50057DD7B = {
						CreatedOnToolsVersion = 14.2;
						TestTargetID = D79FE2452B7F1DC40057DD7B;
					};
					D79FE2652B7F1DC50057DD7B = {
						CreatedOnToolsVersion = 14.2;
						TestTargetID = D79FE2452B7F1DC40057DD7B;
					};
				};
			};
			buildConfigurationList = D79FE2412B7F1DC40057DD7B /* Build configuration list for PBXProject "OzinsheDemo" */;
			compatibilityVersion = "Xcode 14.0";
			developmentRegion = en;
			hasScannedForEncodings = 0;
			knownRegions = (
				en,
				Base,
			);
			mainGroup = D79FE23D2B7F1DC40057DD7B;
			productRefGroup = D79FE2472B7F1DC40057DD7B /* Products */;
			projectDirPath = "";
			projectRoot = "";
			targets = (
				D79FE2452B7F1DC40057DD7B /* OzinsheDemo */,
				D79FE25B2B7F1DC50057DD7B /* OzinsheDemoTests */,
				D79FE2652B7F1DC50057DD7B /* OzinsheDemoUITests */,
			);
		};
/* End PBXProject section */

/* Begin PBXResourcesBuildPhase section */
		D79FE2442B7F1DC40057DD7B /* Resources */ = {
			isa = PBXResourcesBuildPhase;
			buildActionMask = 2147483647;
			files = (
				D79FE2562B7F1DC50057DD7B /* LaunchScreen.storyboard in Resources */,
				D79FE2532B7F1DC50057DD7B /* Assets.xcassets in Resources */,
				D79FE2512B7F1DC40057DD7B /* Main.storyboard in Resources */,
			);
			runOnlyForDeploymentPostprocessing = 0;
		};
		D79FE25A2B7F1DC50057DD7B /* Resources */ = {
			isa = PBXResourcesBuildPhase;
			buildActionMask = 2147483647;
			files = (
			);
			runOnlyForDeploymentPostprocessing = 0;
		};
		D79FE2642B7F1DC50057DD7B /* Resources */ = {
			isa = PBXResourcesBuildPhase;
			buildActionMask = 2147483647;
			files = (
			);
			runOnlyForDeploymentPostprocessing = 0;
		};
/* End PBXResourcesBuildPhase section */

/* Begin PBXSourcesBuildPhase section */
		D79FE2422B7F1DC40057DD7B /* Sources */ = {
			isa = PBXSourcesBuildPhase;
			buildActionMask = 2147483647;
			files = (
				D7A440B02B8B31720068E099 /* FavoriteTableViewController.swift in Sources */,
				D79FE24E2B7F1DC40057DD7B /* ViewController.swift in Sources */,
				D7A440B42B8B325B0068E099 /* MovieTableViewCell.swift in Sources */,
				D79FE27E2B7F2B750057DD7B /* TabBarController.swift in Sources */,
				D79FE24A2B7F1DC40057DD7B /* AppDelegate.swift in Sources */,
				D79FE24C2B7F1DC40057DD7B /* SceneDelegate.swift in Sources */,
			);
			runOnlyForDeploymentPostprocessing = 0;
		};
		D79FE2582B7F1DC50057DD7B /* Sources */ = {
			isa = PBXSourcesBuildPhase;
			buildActionMask = 2147483647;
			files = (
				D79FE2612B7F1DC50057DD7B /* OzinsheDemoTests.swift in Sources */,
			);
			runOnlyForDeploymentPostprocessing = 0;
		};
		D79FE2622B7F1DC50057DD7B /* Sources */ = {
			isa = PBXSourcesBuildPhase;
			buildActionMask = 2147483647;
			files = (
				D79FE26D2B7F1DC50057DD7B /* OzinsheDemoUITestsLaunchTests.swift in Sources */,
				D79FE26B2B7F1DC50057DD7B /* OzinsheDemoUITests.swift in Sources */,
			);
			runOnlyForDeploymentPostprocessing = 0;
		};
/* End PBXSourcesBuildPhase section */

/* Begin PBXTargetDependency section */
		D79FE25E2B7F1DC50057DD7B /* PBXTargetDependency */ = {
			isa = PBXTargetDependency;
			target = D79FE2452B7F1DC40057DD7B /* OzinsheDemo */;
			targetProxy = D79FE25D2B7F1DC50057DD7B /* PBXContainerItemProxy */;
		};
		D79FE2682B7F1DC50057DD7B /* PBXTargetDependency */ = {
			isa = PBXTargetDependency;
			target = D79FE2452B7F1DC40057DD7B /* OzinsheDemo */;
			targetProxy = D79FE2672B7F1DC50057DD7B /* PBXContainerItemProxy */;
		};
/* End PBXTargetDependency section */

/* Begin PBXVariantGroup section */
		D79FE24F2B7F1DC40057DD7B /* Main.storyboard */ = {
			isa = PBXVariantGroup;
			children = (
				D79FE2502B7F1DC40057DD7B /* Base */,
			);
			name = Main.storyboard;
			sourceTree = "<group>";
		};
		D79FE2542B7F1DC50057DD7B /* LaunchScreen.storyboard */ = {
			isa = PBXVariantGroup;
			children = (
				D79FE2552B7F1DC50057DD7B /* Base */,
			);
			name = LaunchScreen.storyboard;
			sourceTree = "<group>";
		};
/* End PBXVariantGroup section */

/* Begin XCBuildConfiguration section */
		D79FE26E2B7F1DC50057DD7B /* Debug */ = {
			isa = XCBuildConfiguration;
			buildSettings = {
				ALWAYS_SEARCH_USER_PATHS = NO;
				CLANG_ANALYZER_NONNULL = YES;
				CLANG_ANALYZER_NUMBER_OBJECT_CONVERSION = YES_AGGRESSIVE;
				CLANG_CXX_LANGUAGE_STANDARD = "gnu++20";
				CLANG_ENABLE_MODULES = YES;
				CLANG_ENABLE_OBJC_ARC = YES;
				CLANG_ENABLE_OBJC_WEAK = YES;
				CLANG_WARN_BLOCK_CAPTURE_AUTORELEASING = YES;
				CLANG_WARN_BOOL_CONVERSION = YES;
				CLANG_WARN_COMMA = YES;
				CLANG_WARN_CONSTANT_CONVERSION = YES;
				CLANG_WARN_DEPRECATED_OBJC_IMPLEMENTATIONS = YES;
				CLANG_WARN_DIRECT_OBJC_ISA_USAGE = YES_ERROR;
				CLANG_WARN_DOCUMENTATION_COMMENTS = YES;
				CLANG_WARN_EMPTY_BODY = YES;
				CLANG_WARN_ENUM_CONVERSION = YES;
				CLANG_WARN_INFINITE_RECURSION = YES;
				CLANG_WARN_INT_CONVERSION = YES;
				CLANG_WARN_NON_LITERAL_NULL_CONVERSION = YES;
				CLANG_WARN_OBJC_IMPLICIT_RETAIN_SELF = YES;
				CLANG_WARN_OBJC_LITERAL_CONVERSION = YES;
				CLANG_WARN_OBJC_ROOT_CLASS = YES_ERROR;
				CLANG_WARN_QUOTED_INCLUDE_IN_FRAMEWORK_HEADER = YES;
				CLANG_WARN_RANGE_LOOP_ANALYSIS = YES;
				CLANG_WARN_STRICT_PROTOTYPES = YES;
				CLANG_WARN_SUSPICIOUS_MOVE = YES;
				CLANG_WARN_UNGUARDED_AVAILABILITY = YES_AGGRESSIVE;
				CLANG_WARN_UNREACHABLE_CODE = YES;
				CLANG_WARN__DUPLICATE_METHOD_MATCH = YES;
				COPY_PHASE_STRIP = NO;
				DEBUG_INFORMATION_FORMAT = dwarf;
				ENABLE_STRICT_OBJC_MSGSEND = YES;
				ENABLE_TESTABILITY = YES;
				ENABLE_USER_SCRIPT_SANDBOXING = YES;
				GCC_C_LANGUAGE_STANDARD = gnu11;
				GCC_DYNAMIC_NO_PIC = NO;
				GCC_NO_COMMON_BLOCKS = YES;
				GCC_OPTIMIZATION_LEVEL = 0;
				GCC_PREPROCESSOR_DEFINITIONS = (
					"DEBUG=1",
					"$(inherited)",
				);
				GCC_WARN_64_TO_32_BIT_CONVERSION = YES;
				GCC_WARN_ABOUT_RETURN_TYPE = YES_ERROR;
				GCC_WARN_UNDECLARED_SELECTOR = YES;
				GCC_WARN_UNINITIALIZED_AUTOS = YES_AGGRESSIVE;
				GCC_WARN_UNUSED_FUNCTION = YES;
				GCC_WARN_UNUSED_VARIABLE = YES;
				IPHONEOS_DEPLOYMENT_TARGET = 16.2;
				MTL_ENABLE_DEBUG_INFO = INCLUDE_SOURCE;
				MTL_FAST_MATH = YES;
				ONLY_ACTIVE_ARCH = YES;
				SDKROOT = iphoneos;
				SWIFT_ACTIVE_COMPILATION_CONDITIONS = DEBUG;
				SWIFT_OPTIMIZATION_LEVEL = "-Onone";
			};
			name = Debug;
		};
		D79FE26F2B7F1DC50057DD7B /* Release */ = {
			isa = XCBuildConfiguration;
			buildSettings = {
				ALWAYS_SEARCH_USER_PATHS = NO;
				CLANG_ANALYZER_NONNULL = YES;
				CLANG_ANALYZER_NUMBER_OBJECT_CONVERSION = YES_AGGRESSIVE;
				CLANG_CXX_LANGUAGE_STANDARD = "gnu++20";
				CLANG_ENABLE_MODULES = YES;
				CLANG_ENABLE_OBJC_ARC = YES;
				CLANG_ENABLE_OBJC_WEAK = YES;
				CLANG_WARN_BLOCK_CAPTURE_AUTORELEASING = YES;
				CLANG_WARN_BOOL_CONVERSION = YES;
				CLANG_WARN_COMMA = YES;
				CLANG_WARN_CONSTANT_CONVERSION = YES;
				CLANG_WARN_DEPRECATED_OBJC_IMPLEMENTATIONS = YES;
				CLANG_WARN_DIRECT_OBJC_ISA_USAGE = YES_ERROR;
				CLANG_WARN_DOCUMENTATION_COMMENTS = YES;
				CLANG_WARN_EMPTY_BODY = YES;
				CLANG_WARN_ENUM_CONVERSION = YES;
				CLANG_WARN_INFINITE_RECURSION = YES;
				CLANG_WARN_INT_CONVERSION = YES;
				CLANG_WARN_NON_LITERAL_NULL_CONVERSION = YES;
				CLANG_WARN_OBJC_IMPLICIT_RETAIN_SELF = YES;
				CLANG_WARN_OBJC_LITERAL_CONVERSION = YES;
				CLANG_WARN_OBJC_ROOT_CLASS = YES_ERROR;
				CLANG_WARN_QUOTED_INCLUDE_IN_FRAMEWORK_HEADER = YES;
				CLANG_WARN_RANGE_LOOP_ANALYSIS = YES;
				CLANG_WARN_STRICT_PROTOTYPES = YES;
				CLANG_WARN_SUSPICIOUS_MOVE = YES;
				CLANG_WARN_UNGUARDED_AVAILABILITY = YES_AGGRESSIVE;
				CLANG_WARN_UNREACHABLE_CODE = YES;
				CLANG_WARN__DUPLICATE_METHOD_MATCH = YES;
				COPY_PHASE_STRIP = NO;
				DEBUG_INFORMATION_FORMAT = "dwarf-with-dsym";
				ENABLE_NS_ASSERTIONS = NO;
				ENABLE_STRICT_OBJC_MSGSEND = YES;
				ENABLE_USER_SCRIPT_SANDBOXING = YES;
				GCC_C_LANGUAGE_STANDARD = gnu11;
				GCC_NO_COMMON_BLOCKS = YES;
				GCC_WARN_64_TO_32_BIT_CONVERSION = YES;
				GCC_WARN_ABOUT_RETURN_TYPE = YES_ERROR;
				GCC_WARN_UNDECLARED_SELECTOR = YES;
				GCC_WARN_UNINITIALIZED_AUTOS = YES_AGGRESSIVE;
				GCC_WARN_UNUSED_FUNCTION = YES;
				GCC_WARN_UNUSED_VARIABLE = YES;
				IPHONEOS_DEPLOYMENT_TARGET = 16.2;
				MTL_ENABLE_DEBUG_INFO = NO;
				MTL_FAST_MATH = YES;
				SDKROOT = iphoneos;
				SWIFT_COMPILATION_MODE = wholemodule;
				SWIFT_OPTIMIZATION_LEVEL = "-O";
				VALIDATE_PRODUCT = YES;
			};
			name = Release;
		};
		D79FE2712B7F1DC50057DD7B /* Debug */ = {
			isa = XCBuildConfiguration;
			buildSettings = {
				ASSETCATALOG_COMPILER_APPICON_NAME = AppIcon;
				ASSETCATALOG_COMPILER_GLOBAL_ACCENT_COLOR_NAME = AccentColor;
				CODE_SIGN_STYLE = Automatic;
				CURRENT_PROJECT_VERSION = 1;
				GENERATE_INFOPLIST_FILE = YES;
				INFOPLIST_FILE = OzinsheDemo/Info.plist;
				INFOPLIST_KEY_UIApplicationSupportsIndirectInputEvents = YES;
				INFOPLIST_KEY_UILaunchStoryboardName = LaunchScreen;
				INFOPLIST_KEY_UIMainStoryboardFile = Main;
				INFOPLIST_KEY_UISupportedInterfaceOrientations_iPad = "UIInterfaceOrientationPortrait UIInterfaceOrientationPortraitUpsideDown UIInterfaceOrientationLandscapeLeft UIInterfaceOrientationLandscapeRight";
				INFOPLIST_KEY_UISupportedInterfaceOrientations_iPhone = "UIInterfaceOrientationPortrait UIInterfaceOrientationLandscapeLeft UIInterfaceOrientationLandscapeRight";
				LD_RUNPATH_SEARCH_PATHS = (
					"$(inherited)",
					"@executable_path/Frameworks",
				);
				MARKETING_VERSION = 1.0;
				PRODUCT_BUNDLE_IDENTIFIER = Ospanbekov.Zhandos.OzinsheDemo;
				PRODUCT_NAME = "$(TARGET_NAME)";
				SWIFT_EMIT_LOC_STRINGS = YES;
				SWIFT_VERSION = 5.0;
				TARGETED_DEVICE_FAMILY = "1,2";
			};
			name = Debug;
		};
		D79FE2722B7F1DC50057DD7B /* Release */ = {
			isa = XCBuildConfiguration;
			buildSettings = {
				ASSETCATALOG_COMPILER_APPICON_NAME = AppIcon;
				ASSETCATALOG_COMPILER_GLOBAL_ACCENT_COLOR_NAME = AccentColor;
				CODE_SIGN_STYLE = Automatic;
				CURRENT_PROJECT_VERSION = 1;
				GENERATE_INFOPLIST_FILE = YES;
				INFOPLIST_FILE = OzinsheDemo/Info.plist;
				INFOPLIST_KEY_UIApplicationSupportsIndirectInputEvents = YES;
				INFOPLIST_KEY_UILaunchStoryboardName = LaunchScreen;
				INFOPLIST_KEY_UIMainStoryboardFile = Main;
				INFOPLIST_KEY_UISupportedInterfaceOrientations_iPad = "UIInterfaceOrientationPortrait UIInterfaceOrientationPortraitUpsideDown UIInterfaceOrientationLandscapeLeft UIInterfaceOrientationLandscapeRight";
				INFOPLIST_KEY_UISupportedInterfaceOrientations_iPhone = "UIInterfaceOrientationPortrait UIInterfaceOrientationLandscapeLeft UIInterfaceOrientationLandscapeRight";
				LD_RUNPATH_SEARCH_PATHS = (
					"$(inherited)",
					"@executable_path/Frameworks",
				);
				MARKETING_VERSION = 1.0;
				PRODUCT_BUNDLE_IDENTIFIER = Ospanbekov.Zhandos.OzinsheDemo;
				PRODUCT_NAME = "$(TARGET_NAME)";
				SWIFT_EMIT_LOC_STRINGS = YES;
				SWIFT_VERSION = 5.0;
				TARGETED_DEVICE_FAMILY = "1,2";
			};
			name = Release;
		};
		D79FE2742B7F1DC50057DD7B /* Debug */ = {
			isa = XCBuildConfiguration;
			buildSettings = {
				ALWAYS_EMBED_SWIFT_STANDARD_LIBRARIES = YES;
				BUNDLE_LOADER = "$(TEST_HOST)";
				CODE_SIGN_STYLE = Automatic;
				CURRENT_PROJECT_VERSION = 1;
				GENERATE_INFOPLIST_FILE = YES;
				IPHONEOS_DEPLOYMENT_TARGET = 16.2;
				MARKETING_VERSION = 1.0;
				PRODUCT_BUNDLE_IDENTIFIER = Ospanbekov.Zhandos.OzinsheDemoTests;
				PRODUCT_NAME = "$(TARGET_NAME)";
				SWIFT_EMIT_LOC_STRINGS = NO;
				SWIFT_VERSION = 5.0;
				TARGETED_DEVICE_FAMILY = "1,2";
				TEST_HOST = "$(BUILT_PRODUCTS_DIR)/OzinsheDemo.app/$(BUNDLE_EXECUTABLE_FOLDER_PATH)/OzinsheDemo";
			};
			name = Debug;
		};
		D79FE2752B7F1DC50057DD7B /* Release */ = {
			isa = XCBuildConfiguration;
			buildSettings = {
				ALWAYS_EMBED_SWIFT_STANDARD_LIBRARIES = YES;
				BUNDLE_LOADER = "$(TEST_HOST)";
				CODE_SIGN_STYLE = Automatic;
				CURRENT_PROJECT_VERSION = 1;
				GENERATE_INFOPLIST_FILE = YES;
				IPHONEOS_DEPLOYMENT_TARGET = 16.2;
				MARKETING_VERSION = 1.0;
				PRODUCT_BUNDLE_IDENTIFIER = Ospanbekov.Zhandos.OzinsheDemoTests;
				PRODUCT_NAME = "$(TARGET_NAME)";
				SWIFT_EMIT_LOC_STRINGS = NO;
				SWIFT_VERSION = 5.0;
				TARGETED_DEVICE_FAMILY = "1,2";
				TEST_HOST = "$(BUILT_PRODUCTS_DIR)/OzinsheDemo.app/$(BUNDLE_EXECUTABLE_FOLDER_PATH)/OzinsheDemo";
			};
			name = Release;
		};
		D79FE2772B7F1DC50057DD7B /* Debug */ = {
			isa = XCBuildConfiguration;
			buildSettings = {
				ALWAYS_EMBED_SWIFT_STANDARD_LIBRARIES = YES;
				CODE_SIGN_STYLE = Automatic;
				CURRENT_PROJECT_VERSION = 1;
				GENERATE_INFOPLIST_FILE = YES;
				MARKETING_VERSION = 1.0;
				PRODUCT_BUNDLE_IDENTIFIER = Ospanbekov.Zhandos.OzinsheDemoUITests;
				PRODUCT_NAME = "$(TARGET_NAME)";
				SWIFT_EMIT_LOC_STRINGS = NO;
				SWIFT_VERSION = 5.0;
				TARGETED_DEVICE_FAMILY = "1,2";
				TEST_TARGET_NAME = OzinsheDemo;
			};
			name = Debug;
		};
		D79FE2782B7F1DC50057DD7B /* Release */ = {
			isa = XCBuildConfiguration;
			buildSettings = {
				ALWAYS_EMBED_SWIFT_STANDARD_LIBRARIES = YES;
				CODE_SIGN_STYLE = Automatic;
				CURRENT_PROJECT_VERSION = 1;
				GENERATE_INFOPLIST_FILE = YES;
				MARKETING_VERSION = 1.0;
				PRODUCT_BUNDLE_IDENTIFIER = Ospanbekov.Zhandos.OzinsheDemoUITests;
				PRODUCT_NAME = "$(TARGET_NAME)";
				SWIFT_EMIT_LOC_STRINGS = NO;
				SWIFT_VERSION = 5.0;
				TARGETED_DEVICE_FAMILY = "1,2";
				TEST_TARGET_NAME = OzinsheDemo;
			};
			name = Release;
		};
/* End XCBuildConfiguration section */

/* Begin XCConfigurationList section */
		D79FE2412B7F1DC40057DD7B /* Build configuration list for PBXProject "OzinsheDemo" */ = {
			isa = XCConfigurationList;
			buildConfigurations = (
				D79FE26E2B7F1DC50057DD7B /* Debug */,
				D79FE26F2B7F1DC50057DD7B /* Release */,
			);
			defaultConfigurationIsVisible = 0;
			defaultConfigurationName = Release;
		};
		D79FE2702B7F1DC50057DD7B /* Build configuration list for PBXNativeTarget "OzinsheDemo" */ = {
			isa = XCConfigurationList;
			buildConfigurations = (
				D79FE2712B7F1DC50057DD7B /* Debug */,
				D79FE2722B7F1DC50057DD7B /* Release */,
			);
			defaultConfigurationIsVisible = 0;
			defaultConfigurationName = Release;
		};
		D79FE2732B7F1DC50057DD7B /* Build configuration list for PBXNativeTarget "OzinsheDemoTests" */ = {
			isa = XCConfigurationList;
			buildConfigurations = (
				D79FE2742B7F1DC50057DD7B /* Debug */,
				D79FE2752B7F1DC50057DD7B /* Release */,
			);
			defaultConfigurationIsVisible = 0;
			defaultConfigurationName = Release;
		};
		D79FE2762B7F1DC50057DD7B /* Build configuration list for PBXNativeTarget "OzinsheDemoUITests" */ = {
			isa = XCConfigurationList;
			buildConfigurations = (
				D79FE2772B7F1DC50057DD7B /* Debug */,
				D79FE2782B7F1DC50057DD7B /* Release */,
			);
			defaultConfigurationIsVisible = 0;
			defaultConfigurationName = Release;
		};
/* End XCConfigurationList section */
	};
	rootObject = D79FE23E2B7F1DC40057DD7B /* Project object */;
}
